{
  "nodes": {
    "nixpkgs": {
      "locked": {
        "lastModified": 1669062147,
        "narHash": "sha256-h0RTwZg+cGlV3RlH9jXBHdyA9xQfbxo2oCn1zFieE2A=",
        "owner": "NixOS",
        "repo": "nixpkgs",
        "rev": "b68bd2ee52051aaf983a268494cb4fc6c485b646",
        "type": "github"
      },
      "original": {
        "id": "nixpkgs",
        "type": "indirect"
      }
    },
    "root": {
      "inputs": {
        "nixpkgs": "nixpkgs"
      }
    }
  },
  "root": "root",
  "version": 7
}
